
Microsoft Visual Studio Solution File, Format Version 12.00
# Visual Studio Version 16
VisualStudioVersion = 16.0.29418.71
MinimumVisualStudioVersion = 10.0.40219.1
Project("{FAE04EC0-301F-11D3-BF4B-00C04F79EFBC}") = "FAVAC.UWP", "FAVAC\FAVAC.UWP\FAVAC.UWP.csproj", "{B791278E-755F-40CC-BE8E-C5DDA1AFE1FA}"
EndProject
Project("{FAE04EC0-301F-11D3-BF4B-00C04F79EFBC}") = "FAVAC.Android", "FAVAC\FAVAC.Android\FAVAC.Android.csproj", "{A50ADA7C-3A7C-4CB1-ACE5-247E7576655D}"
EndProject
Project("{FAE04EC0-301F-11D3-BF4B-00C04F79EFBC}") = "FAVAC.iOS", "FAVAC\FAVAC.iOS\FAVAC.iOS.csproj", "{29A79B2E-48C4-4B70-8359-27B3CDCFCB98}"
EndProject
Project("{9A19103F-16F7-4668-BE54-9A1E7A4F7556}") = "FAVAC", "FAVAC\FAVAC\FAVAC.csproj", "{7EA05CCC-2DBA-4375-B85E-51E103C1B0E1}"
EndProject
Global
	GlobalSection(SolutionConfigurationPlatforms) = preSolution
		Debug|Any CPU = Debug|Any CPU
		Debug|ARM = Debug|ARM
		Debug|iPhone = Debug|iPhone
		Debug|iPhoneSimulator = Debug|iPhoneSimulator
		Debug|x64 = Debug|x64
		Debug|x86 = Debug|x86
		Release|Any CPU = Release|Any CPU
		Release|ARM = Release|ARM
		Release|iPhone = Release|iPhone
		Release|iPhoneSimulator = Release|iPhoneSimulator
		Release|x64 = Release|x64
		Release|x86 = Release|x86
	EndGlobalSection
	GlobalSection(ProjectConfigurationPlatforms) = postSolution
		{B791278E-755F-40CC-BE8E-C5DDA1AFE1FA}.Debug|Any CPU.ActiveCfg = Debug|x86
		{B791278E-755F-40CC-BE8E-C5DDA1AFE1FA}.Debug|Any CPU.Build.0 = Debug|x86
		{B791278E-755F-40CC-BE8E-C5DDA1AFE1FA}.Debug|Any CPU.Deploy.0 = Debug|x86
		{B791278E-755F-40CC-BE8E-C5DDA1AFE1FA}.Debug|ARM.ActiveCfg = Debug|ARM
		{B791278E-755F-40CC-BE8E-C5DDA1AFE1FA}.Debug|ARM.Build.0 = Debug|ARM
		{B791278E-755F-40CC-BE8E-C5DDA1AFE1FA}.Debug|ARM.Deploy.0 = Debug|ARM
		{B791278E-755F-40CC-BE8E-C5DDA1AFE1FA}.Debug|iPhone.ActiveCfg = Debug|x86
		{B791278E-755F-40CC-BE8E-C5DDA1AFE1FA}.Debug|iPhone.Build.0 = Debug|x86
		{B791278E-755F-40CC-BE8E-C5DDA1AFE1FA}.Debug|iPhone.Deploy.0 = Debug|x86
		{B791278E-755F-40CC-BE8E-C5DDA1AFE1FA}.Debug|iPhoneSimulator.ActiveCfg = Debug|x86
		{B791278E-755F-40CC-BE8E-C5DDA1AFE1FA}.Debug|iPhoneSimulator.Build.0 = Debug|x86
		{B791278E-755F-40CC-BE8E-C5DDA1AFE1FA}.Debug|iPhoneSimulator.Deploy.0 = Debug|x86
		{B791278E-755F-40CC-BE8E-C5DDA1AFE1FA}.Debug|x64.ActiveCfg = Debug|x64
		{B791278E-755F-40CC-BE8E-C5DDA1AFE1FA}.Debug|x64.Build.0 = Debug|x64
		{B791278E-755F-40CC-BE8E-C5DDA1AFE1FA}.Debug|x64.Deploy.0 = Debug|x64
		{B791278E-755F-40CC-BE8E-C5DDA1AFE1FA}.Debug|x86.ActiveCfg = Debug|x86
		{B791278E-755F-40CC-BE8E-C5DDA1AFE1FA}.Debug|x86.Build.0 = Debug|x86
		{B791278E-755F-40CC-BE8E-C5DDA1AFE1FA}.Debug|x86.Deploy.0 = Debug|x86
		{B791278E-755F-40CC-BE8E-C5DDA1AFE1FA}.Release|Any CPU.ActiveCfg = Release|x86
		{B791278E-755F-40CC-BE8E-C5DDA1AFE1FA}.Release|Any CPU.Build.0 = Release|x86
		{B791278E-755F-40CC-BE8E-C5DDA1AFE1FA}.Release|Any CPU.Deploy.0 = Release|x86
		{B791278E-755F-40CC-BE8E-C5DDA1AFE1FA}.Release|ARM.ActiveCfg = Release|ARM
		{B791278E-755F-40CC-BE8E-C5DDA1AFE1FA}.Release|ARM.Build.0 = Release|ARM
		{B791278E-755F-40CC-BE8E-C5DDA1AFE1FA}.Release|ARM.Deploy.0 = Release|ARM
		{B791278E-755F-40CC-BE8E-C5DDA1AFE1FA}.Release|iPhone.ActiveCfg = Release|x86
		{B791278E-755F-40CC-BE8E-C5DDA1AFE1FA}.Release|iPhone.Build.0 = Release|x86
		{B791278E-755F-40CC-BE8E-C5DDA1AFE1FA}.Release|iPhone.Deploy.0 = Release|x86
		{B791278E-755F-40CC-BE8E-C5DDA1AFE1FA}.Release|iPhoneSimulator.ActiveCfg = Release|x86
		{B791278E-755F-40CC-BE8E-C5DDA1AFE1FA}.Release|iPhoneSimulator.Build.0 = Release|x86
		{B791278E-755F-40CC-BE8E-C5DDA1AFE1FA}.Release|iPhoneSimulator.Deploy.0 = Release|x86
		{B791278E-755F-40CC-BE8E-C5DDA1AFE1FA}.Release|x64.ActiveCfg = Release|x64
		{B791278E-755F-40CC-BE8E-C5DDA1AFE1FA}.Release|x64.Build.0 = Release|x64
		{B791278E-755F-40CC-BE8E-C5DDA1AFE1FA}.Release|x64.Deploy.0 = Release|x64
		{B791278E-755F-40CC-BE8E-C5DDA1AFE1FA}.Release|x86.ActiveCfg = Release|x86
		{B791278E-755F-40CC-BE8E-C5DDA1AFE1FA}.Release|x86.Build.0 = Release|x86
		{B791278E-755F-40CC-BE8E-C5DDA1AFE1FA}.Release|x86.Deploy.0 = Release|x86
		{A50ADA7C-3A7C-4CB1-ACE5-247E7576655D}.Debug|Any CPU.ActiveCfg = Debug|Any CPU
		{A50ADA7C-3A7C-4CB1-ACE5-247E7576655D}.Debug|Any CPU.Build.0 = Debug|Any CPU
		{A50ADA7C-3A7C-4CB1-ACE5-247E7576655D}.Debug|Any CPU.Deploy.0 = Debug|Any CPU
		{A50ADA7C-3A7C-4CB1-ACE5-247E7576655D}.Debug|ARM.ActiveCfg = Debug|Any CPU
		{A50ADA7C-3A7C-4CB1-ACE5-247E7576655D}.Debug|ARM.Build.0 = Debug|Any CPU
		{A50ADA7C-3A7C-4CB1-ACE5-247E7576655D}.Debug|ARM.Deploy.0 = Debug|Any CPU
		{A50ADA7C-3A7C-4CB1-ACE5-247E7576655D}.Debug|iPhone.ActiveCfg = Debug|Any CPU
		{A50ADA7C-3A7C-4CB1-ACE5-247E7576655D}.Debug|iPhone.Build.0 = Debug|Any CPU
		{A50ADA7C-3A7C-4CB1-ACE5-247E7576655D}.Debug|iPhone.Deploy.0 = Debug|Any CPU
		{A50ADA7C-3A7C-4CB1-ACE5-247E7576655D}.Debug|iPhoneSimulator.ActiveCfg = Debug|Any CPU
		{A50ADA7C-3A7C-4CB1-ACE5-247E7576655D}.Debug|iPhoneSimulator.Build.0 = Debug|Any CPU
		{A50ADA7C-3A7C-4CB1-ACE5-247E7576655D}.Debug|iPhoneSimulator.Deploy.0 = Debug|Any CPU
		{A50ADA7C-3A7C-4CB1-ACE5-247E7576655D}.Debug|x64.ActiveCfg = Debug|Any CPU
		{A50ADA7C-3A7C-4CB1-ACE5-247E7576655D}.Debug|x64.Build.0 = Debug|Any CPU
		{A50ADA7C-3A7C-4CB1-ACE5-247E7576655D}.Debug|x64.Deploy.0 = Debug|Any CPU
		{A50ADA7C-3A7C-4CB1-ACE5-247E7576655D}.Debug|x86.ActiveCfg = Debug|Any CPU
		{A50ADA7C-3A7C-4CB1-ACE5-247E7576655D}.Debug|x86.Build.0 = Debug|Any CPU
		{A50ADA7C-3A7C-4CB1-ACE5-247E7576655D}.Debug|x86.Deploy.0 = Debug|Any CPU
		{A50ADA7C-3A7C-4CB1-ACE5-247E7576655D}.Release|Any CPU.ActiveCfg = Release|Any CPU
		{A50ADA7C-3A7C-4CB1-ACE5-247E7576655D}.Release|Any CPU.Build.0 = Release|Any CPU
		{A50ADA7C-3A7C-4CB1-ACE5-247E7576655D}.Release|Any CPU.Deploy.0 = Release|Any CPU
		{A50ADA7C-3A7C-4CB1-ACE5-247E7576655D}.Release|ARM.ActiveCfg = Release|Any CPU
		{A50ADA7C-3A7C-4CB1-ACE5-247E7576655D}.Release|ARM.Build.0 = Release|Any CPU
		{A50ADA7C-3A7C-4CB1-ACE5-247E7576655D}.Release|ARM.Deploy.0 = Release|Any CPU
		{A50ADA7C-3A7C-4CB1-ACE5-247E7576655D}.Release|iPhone.ActiveCfg = Release|Any CPU
		{A50ADA7C-3A7C-4CB1-ACE5-247E7576655D}.Release|iPhone.Build.0 = Release|Any CPU
		{A50ADA7C-3A7C-4CB1-ACE5-247E7576655D}.Release|iPhone.Deploy.0 = Release|Any CPU
		{A50ADA7C-3A7C-4CB1-ACE5-247E7576655D}.Release|iPhoneSimulator.ActiveCfg = Release|Any CPU
		{A50ADA7C-3A7C-4CB1-ACE5-247E7576655D}.Release|iPhoneSimulator.Build.0 = Release|Any CPU
		{A50ADA7C-3A7C-4CB1-ACE5-247E7576655D}.Release|iPhoneSimulator.Deploy.0 = Release|Any CPU
		{A50ADA7C-3A7C-4CB1-ACE5-247E7576655D}.Release|x64.ActiveCfg = Release|Any CPU
		{A50ADA7C-3A7C-4CB1-ACE5-247E7576655D}.Release|x64.Build.0 = Release|Any CPU
		{A50ADA7C-3A7C-4CB1-ACE5-247E7576655D}.Release|x64.Deploy.0 = Release|Any CPU
		{A50ADA7C-3A7C-4CB1-ACE5-247E7576655D}.Release|x86.ActiveCfg = Release|Any CPU
		{A50ADA7C-3A7C-4CB1-ACE5-247E7576655D}.Release|x86.Build.0 = Release|Any CPU
		{A50ADA7C-3A7C-4CB1-ACE5-247E7576655D}.Release|x86.Deploy.0 = Release|Any CPU
		{29A79B2E-48C4-4B70-8359-27B3CDCFCB98}.Debug|Any CPU.ActiveCfg = Debug|iPhone
		{29A79B2E-48C4-4B70-8359-27B3CDCFCB98}.Debug|Any CPU.Build.0 = Debug|iPhone
		{29A79B2E-48C4-4B70-8359-27B3CDCFCB98}.Debug|Any CPU.Deploy.0 = Debug|iPhone
		{29A79B2E-48C4-4B70-8359-27B3CDCFCB98}.Debug|ARM.ActiveCfg = Debug|iPhoneSimulator
		{29A79B2E-48C4-4B70-8359-27B3CDCFCB98}.Debug|ARM.Build.0 = Debug|iPhoneSimulator
		{29A79B2E-48C4-4B70-8359-27B3CDCFCB98}.Debug|ARM.Deploy.0 = Debug|iPhoneSimulator
		{29A79B2E-48C4-4B70-8359-27B3CDCFCB98}.Debug|iPhone.ActiveCfg = Debug|iPhone
		{29A79B2E-48C4-4B70-8359-27B3CDCFCB98}.Debug|iPhone.Build.0 = Debug|iPhone
		{29A79B2E-48C4-4B70-8359-27B3CDCFCB98}.Debug|iPhone.Deploy.0 = Debug|iPhone
		{29A79B2E-48C4-4B70-8359-27B3CDCFCB98}.Debug|iPhoneSimulator.ActiveCfg = Debug|iPhoneSimulator
		{29A79B2E-48C4-4B70-8359-27B3CDCFCB98}.Debug|iPhoneSimulator.Build.0 = Debug|iPhoneSimulator
		{29A79B2E-48C4-4B70-8359-27B3CDCFCB98}.Debug|iPhoneSimulator.Deploy.0 = Debug|iPhoneSimulator
		{29A79B2E-48C4-4B70-8359-27B3CDCFCB98}.Debug|x64.ActiveCfg = Debug|iPhone
		{29A79B2E-48C4-4B70-8359-27B3CDCFCB98}.Debug|x64.Build.0 = Debug|iPhone
		{29A79B2E-48C4-4B70-8359-27B3CDCFCB98}.Debug|x64.Deploy.0 = Debug|iPhone
		{29A79B2E-48C4-4B70-8359-27B3CDCFCB98}.Debug|x86.ActiveCfg = Debug|iPhone
		{29A79B2E-48C4-4B70-8359-27B3CDCFCB98}.Debug|x86.Build.0 = Debug|iPhone
		{29A79B2E-48C4-4B70-8359-27B3CDCFCB98}.Debug|x86.Deploy.0 = Debug|iPhone
		{29A79B2E-48C4-4B70-8359-27B3CDCFCB98}.Release|Any CPU.ActiveCfg = Release|iPhone
		{29A79B2E-48C4-4B70-8359-27B3CDCFCB98}.Release|Any CPU.Build.0 = Release|iPhone
		{29A79B2E-48C4-4B70-8359-27B3CDCFCB98}.Release|Any CPU.Deploy.0 = Release|iPhone
		{29A79B2E-48C4-4B70-8359-27B3CDCFCB98}.Release|ARM.ActiveCfg = Release|iPhone
		{29A79B2E-48C4-4B70-8359-27B3CDCFCB98}.Release|ARM.Build.0 = Release|iPhone
		{29A79B2E-48C4-4B70-8359-27B3CDCFCB98}.Release|ARM.Deploy.0 = Release|iPhone
		{29A79B2E-48C4-4B70-8359-27B3CDCFCB98}.Release|iPhone.ActiveCfg = Release|iPhone
		{29A79B2E-48C4-4B70-8359-27B3CDCFCB98}.Release|iPhone.Build.0 = Release|iPhone
		{29A79B2E-48C4-4B70-8359-27B3CDCFCB98}.Release|iPhone.Deploy.0 = Release|iPhone
		{29A79B2E-48C4-4B70-8359-27B3CDCFCB98}.Release|iPhoneSimulator.ActiveCfg = Release|iPhoneSimulator
		{29A79B2E-48C4-4B70-8359-27B3CDCFCB98}.Release|iPhoneSimulator.Build.0 = Release|iPhoneSimulator
		{29A79B2E-48C4-4B70-8359-27B3CDCFCB98}.Release|iPhoneSimulator.Deploy.0 = Release|iPhoneSimulator
		{29A79B2E-48C4-4B70-8359-27B3CDCFCB98}.Release|x64.ActiveCfg = Release|iPhone
		{29A79B2E-48C4-4B70-8359-27B3CDCFCB98}.Release|x64.Build.0 = Release|iPhone
		{29A79B2E-48C4-4B70-8359-27B3CDCFCB98}.Release|x64.Deploy.0 = Release|iPhone
		{29A79B2E-48C4-4B70-8359-27B3CDCFCB98}.Release|x86.ActiveCfg = Release|iPhone
		{29A79B2E-48C4-4B70-8359-27B3CDCFCB98}.Release|x86.Build.0 = Release|iPhone
		{29A79B2E-48C4-4B70-8359-27B3CDCFCB98}.Release|x86.Deploy.0 = Release|iPhone
		{7EA05CCC-2DBA-4375-B85E-51E103C1B0E1}.Debug|Any CPU.ActiveCfg = Debug|Any CPU
		{7EA05CCC-2DBA-4375-B85E-51E103C1B0E1}.Debug|Any CPU.Build.0 = Debug|Any CPU
		{7EA05CCC-2DBA-4375-B85E-51E103C1B0E1}.Debug|Any CPU.Deploy.0 = Debug|Any CPU
		{7EA05CCC-2DBA-4375-B85E-51E103C1B0E1}.Debug|ARM.ActiveCfg = Debug|Any CPU
		{7EA05CCC-2DBA-4375-B85E-51E103C1B0E1}.Debug|ARM.Build.0 = Debug|Any CPU
		{7EA05CCC-2DBA-4375-B85E-51E103C1B0E1}.Debug|ARM.Deploy.0 = Debug|Any CPU
		{7EA05CCC-2DBA-4375-B85E-51E103C1B0E1}.Debug|iPhone.ActiveCfg = Debug|Any CPU
		{7EA05CCC-2DBA-4375-B85E-51E103C1B0E1}.Debug|iPhone.Build.0 = Debug|Any CPU
		{7EA05CCC-2DBA-4375-B85E-51E103C1B0E1}.Debug|iPhone.Deploy.0 = Debug|Any CPU
		{7EA05CCC-2DBA-4375-B85E-51E103C1B0E1}.Debug|iPhoneSimulator.ActiveCfg = Debug|Any CPU
		{7EA05CCC-2DBA-4375-B85E-51E103C1B0E1}.Debug|iPhoneSimulator.Build.0 = Debug|Any CPU
		{7EA05CCC-2DBA-4375-B85E-51E103C1B0E1}.Debug|iPhoneSimulator.Deploy.0 = Debug|Any CPU
		{7EA05CCC-2DBA-4375-B85E-51E103C1B0E1}.Debug|x64.ActiveCfg = Debug|Any CPU
		{7EA05CCC-2DBA-4375-B85E-51E103C1B0E1}.Debug|x64.Build.0 = Debug|Any CPU
		{7EA05CCC-2DBA-4375-B85E-51E103C1B0E1}.Debug|x64.Deploy.0 = Debug|Any CPU
		{7EA05CCC-2DBA-4375-B85E-51E103C1B0E1}.Debug|x86.ActiveCfg = Debug|Any CPU
		{7EA05CCC-2DBA-4375-B85E-51E103C1B0E1}.Debug|x86.Build.0 = Debug|Any CPU
		{7EA05CCC-2DBA-4375-B85E-51E103C1B0E1}.Debug|x86.Deploy.0 = Debug|Any CPU
		{7EA05CCC-2DBA-4375-B85E-51E103C1B0E1}.Release|Any CPU.ActiveCfg = Release|Any CPU
		{7EA05CCC-2DBA-4375-B85E-51E103C1B0E1}.Release|Any CPU.Build.0 = Release|Any CPU
		{7EA05CCC-2DBA-4375-B85E-51E103C1B0E1}.Release|Any CPU.Deploy.0 = Release|Any CPU
		{7EA05CCC-2DBA-4375-B85E-51E103C1B0E1}.Release|ARM.ActiveCfg = Release|Any CPU
		{7EA05CCC-2DBA-4375-B85E-51E103C1B0E1}.Release|ARM.Build.0 = Release|Any CPU
		{7EA05CCC-2DBA-4375-B85E-51E103C1B0E1}.Release|ARM.Deploy.0 = Release|Any CPU
		{7EA05CCC-2DBA-4375-B85E-51E103C1B0E1}.Release|iPhone.ActiveCfg = Release|Any CPU
		{7EA05CCC-2DBA-4375-B85E-51E103C1B0E1}.Release|iPhone.Build.0 = Release|Any CPU
		{7EA05CCC-2DBA-4375-B85E-51E103C1B0E1}.Release|iPhone.Deploy.0 = Release|Any CPU
		{7EA05CCC-2DBA-4375-B85E-51E103C1B0E1}.Release|iPhoneSimulator.ActiveCfg = Release|Any CPU
		{7EA05CCC-2DBA-4375-B85E-51E103C1B0E1}.Release|iPhoneSimulator.Build.0 = Release|Any CPU
		{7EA05CCC-2DBA-4375-B85E-51E103C1B0E1}.Release|iPhoneSimulator.Deploy.0 = Release|Any CPU
		{7EA05CCC-2DBA-4375-B85E-51E103C1B0E1}.Release|x64.ActiveCfg = Release|Any CPU
		{7EA05CCC-2DBA-4375-B85E-51E103C1B0E1}.Release|x64.Build.0 = Release|Any CPU
		{7EA05CCC-2DBA-4375-B85E-51E103C1B0E1}.Release|x64.Deploy.0 = Release|Any CPU
		{7EA05CCC-2DBA-4375-B85E-51E103C1B0E1}.Release|x86.ActiveCfg = Release|Any CPU
		{7EA05CCC-2DBA-4375-B85E-51E103C1B0E1}.Release|x86.Build.0 = Release|Any CPU
		{7EA05CCC-2DBA-4375-B85E-51E103C1B0E1}.Release|x86.Deploy.0 = Release|Any CPU
	EndGlobalSection
	GlobalSection(SolutionProperties) = preSolution
		HideSolutionNode = FALSE
	EndGlobalSection
	GlobalSection(ExtensibilityGlobals) = postSolution
		SolutionGuid = {E503A3DE-E547-467D-B2A2-CC051C69A7C5}
	EndGlobalSection
EndGlobal
